# THIS IS AN AUTOGENERATED FILE. DO NOT EDIT THIS FILE DIRECTLY.
# yarn lockfile v1


haunted@^4.7.0:
  version "4.7.0"
  resolved "https://registry.yarnpkg.com/haunted/-/haunted-4.7.0.tgz#23c653f4701ccf970f5e2939fe3c05fee7cc5fc0"
  integrity sha512-ajsUengbSL2ELljJ2VLU2o5BfG/drzZV+BvSLALvIBx+24owmxC5iW7+SK/Y667JaVmratEPR010bYpGKAt7ow==
  dependencies:
    lit-html "^1.0.0"

lit-element@^2.4.0:
  version "2.4.0"
  resolved "https://registry.yarnpkg.com/lit-element/-/lit-element-2.4.0.tgz#b22607a037a8fc08f5a80736dddf7f3f5d401452"
  integrity sha512-pBGLglxyhq/Prk2H91nA0KByq/hx/wssJBQFiYqXhGDvEnY31PRGYf1RglVzyLeRysu0IHm2K0P196uLLWmwFg==
  dependencies:
    lit-html "^1.1.1"

lit-html@^1.0.0, lit-html@^1.1.1:
  version "1.3.0"
  resolved "https://registry.yarnpkg.com/lit-html/-/lit-html-1.3.0.tgz#c80f3cc5793a6dea6c07172be90a70ab20e56034"
  integrity sha512-0Q1bwmaFH9O14vycPHw8C/IeHMk/uSDldVLIefu/kfbTBGIc44KGH6A8p1bDfxUfHdc8q6Ct7kQklWoHgr4t1Q==
